
Microsoft Visual Studio Solution File, Format Version 9.00
# Visual Studio 2005
# SharpDevelop 2.1.0.2429
Project("{FAE04EC0-301F-11D3-BF4B-00C04F79EFBC}") = "_Libraries", "_Libraries\_Libraries.csproj", "{9479DD44-BD15-4FA6-85F2-A29281E57F12}"
EndProject
Project("{2150E333-8FDC-42A3-9474-1A3956D46DE8}") = "Solution Items", "Solution Items", "{BFB8B21C-E366-4D80-95D3-0C04F6458125}"
	ProjectSection(SolutionItems) = preProject
		MakeBinaries.bat = MakeBinaries.bat
	EndProjectSection
EndProject
Project("{FAE04EC0-301F-11D3-BF4B-00C04F79EFBC}") = "WebExtractor.Testing", "WebExtractor.Testing\WebExtractor.Testing.csproj", "{8FC85420-3EA6-48E6-BFF1-A208F080EE8F}"
EndProject
Project("{FAE04EC0-301F-11D3-BF4B-00C04F79EFBC}") = "WebExtractor.Core", "WebExtractor.Core\WebExtractor.Core.csproj", "{9B7237EE-6664-4141-A0CD-E9AEC04DA347}"
EndProject
Project("{FAE04EC0-301F-11D3-BF4B-00C04F79EFBC}") = "WebExtractor.Gui", "WebExtractor.Gui\WebExtractor.Gui.csproj", "{F544EC7B-3ABA-416A-9496-1CC186719CE8}"
EndProject
Project("{FAE04EC0-301F-11D3-BF4B-00C04F79EFBC}") = "WebExtractor.Console", "WebExtractor.Console\WebExtractor.Console.csproj", "{2439DAB1-973D-4CDE-AD06-0643A6000C95}"
EndProject
Project("{FAE04EC0-301F-11D3-BF4B-00C04F79EFBC}") = "Installer", "Installer\Installer.csproj", "{F4A3957A-FCCE-491B-9D23-C6E8AEB3AD3E}"
EndProject
Global
	GlobalSection(SourceCodeControl) = preSolution
		SccNumberOfProjects = 10
		SccLocalPath0 = .
		CanCheckoutShared = false
		SccProjectUniqueName1 = _Libraries\\_Libraries.csproj
		SccLocalPath1 = .
		CanCheckoutShared = false
		SccProjectFilePathRelativizedFromConnection1 = _Libraries\\
		SccProjectUniqueName2 = WebExtractor.Testing\\WebExtractor.Testing.csproj
		SccLocalPath2 = .
		CanCheckoutShared = false
		SccProjectFilePathRelativizedFromConnection2 = WebExtractor.Testing\\
		SccProjectUniqueName3 = WebExtractor.Core\\WebExtractor.Core.csproj
		SccLocalPath3 = .
		CanCheckoutShared = false
		SccProjectFilePathRelativizedFromConnection3 = WebExtractor.Core\\
		SccProjectUniqueName4 = WebExtractor.Gui\\WebExtractor.Gui.csproj
		SccLocalPath4 = .
		CanCheckoutShared = false
		SccProjectFilePathRelativizedFromConnection4 = WebExtractor.Gui\\
		SccProjectUniqueName5 = WebExtractor.Console\\WebExtractor.Console.csproj
		SccLocalPath5 = .
		CanCheckoutShared = false
		SccProjectFilePathRelativizedFromConnection5 = WebExtractor.Console\\
		SccProjectUniqueName6 = Proxy.Diagnostics\\Proxy.Diagnostics.csproj
		SccLocalPath6 = .
		CanCheckoutShared = false
		SccProjectFilePathRelativizedFromConnection6 = Proxy.Diagnostics\\
		SccProjectUniqueName7 = ContentExtractor.LicenseMaker\\ContentExtractor.LicenseMaker.csproj
		SccLocalPath7 = .
		CanCheckoutShared = false
		SccProjectFilePathRelativizedFromConnection7 = ContentExtractor.LicenseMaker\\
		SccProjectUniqueName8 = ContentExtractor.Library\\ContentExtractor.Library.csproj
		SccLocalPath8 = .
		CanCheckoutShared = false
		SccProjectFilePathRelativizedFromConnection8 = ContentExtractor.Library\\
		SccProjectUniqueName9 = Installer\\Installer.csproj
		SccLocalPath9 = .
		CanCheckoutShared = false
		SccProjectFilePathRelativizedFromConnection9 = Installer\\
	EndGlobalSection
	GlobalSection(SolutionConfigurationPlatforms) = preSolution
		Debug|Any CPU = Debug|Any CPU
		Release|Any CPU = Release|Any CPU
	EndGlobalSection
	GlobalSection(ProjectConfigurationPlatforms) = postSolution
		{9479DD44-BD15-4FA6-85F2-A29281E57F12}.Debug|Any CPU.ActiveCfg = Debug|Any CPU
		{9479DD44-BD15-4FA6-85F2-A29281E57F12}.Debug|Any CPU.Build.0 = Debug|Any CPU
		{9479DD44-BD15-4FA6-85F2-A29281E57F12}.Release|Any CPU.ActiveCfg = Release|Any CPU
		{9479DD44-BD15-4FA6-85F2-A29281E57F12}.Release|Any CPU.Build.0 = Release|Any CPU
		{8FC85420-3EA6-48E6-BFF1-A208F080EE8F}.Debug|Any CPU.ActiveCfg = Debug|Any CPU
		{8FC85420-3EA6-48E6-BFF1-A208F080EE8F}.Debug|Any CPU.Build.0 = Debug|Any CPU
		{8FC85420-3EA6-48E6-BFF1-A208F080EE8F}.Release|Any CPU.ActiveCfg = Release|Any CPU
		{8FC85420-3EA6-48E6-BFF1-A208F080EE8F}.Release|Any CPU.Build.0 = Release|Any CPU
		{9B7237EE-6664-4141-A0CD-E9AEC04DA347}.Debug|Any CPU.ActiveCfg = Debug|Any CPU
		{9B7237EE-6664-4141-A0CD-E9AEC04DA347}.Debug|Any CPU.Build.0 = Debug|Any CPU
		{9B7237EE-6664-4141-A0CD-E9AEC04DA347}.Release|Any CPU.ActiveCfg = Release|Any CPU
		{9B7237EE-6664-4141-A0CD-E9AEC04DA347}.Release|Any CPU.Build.0 = Release|Any CPU
		{F544EC7B-3ABA-416A-9496-1CC186719CE8}.Debug|Any CPU.ActiveCfg = Debug|Any CPU
		{F544EC7B-3ABA-416A-9496-1CC186719CE8}.Debug|Any CPU.Build.0 = Debug|Any CPU
		{F544EC7B-3ABA-416A-9496-1CC186719CE8}.Release|Any CPU.ActiveCfg = Release|Any CPU
		{F544EC7B-3ABA-416A-9496-1CC186719CE8}.Release|Any CPU.Build.0 = Release|Any CPU
		{2439DAB1-973D-4CDE-AD06-0643A6000C95}.Debug|Any CPU.ActiveCfg = Debug|Any CPU
		{2439DAB1-973D-4CDE-AD06-0643A6000C95}.Debug|Any CPU.Build.0 = Debug|Any CPU
		{2439DAB1-973D-4CDE-AD06-0643A6000C95}.Release|Any CPU.ActiveCfg = Release|Any CPU
		{2439DAB1-973D-4CDE-AD06-0643A6000C95}.Release|Any CPU.Build.0 = Release|Any CPU
		{76306C04-8431-40CD-9642-496C4E0D4AB4}.Debug|Any CPU.ActiveCfg = Debug|Any CPU
		{76306C04-8431-40CD-9642-496C4E0D4AB4}.Debug|Any CPU.Build.0 = Debug|Any CPU
		{76306C04-8431-40CD-9642-496C4E0D4AB4}.Release|Any CPU.ActiveCfg = Release|Any CPU
		{76306C04-8431-40CD-9642-496C4E0D4AB4}.Release|Any CPU.Build.0 = Release|Any CPU
		{F7268C8C-AFDB-4BE6-877F-9C163382A7B5}.Debug|Any CPU.ActiveCfg = Debug|Any CPU
		{F7268C8C-AFDB-4BE6-877F-9C163382A7B5}.Debug|Any CPU.Build.0 = Debug|Any CPU
		{F7268C8C-AFDB-4BE6-877F-9C163382A7B5}.Release|Any CPU.ActiveCfg = Release|Any CPU
		{F7268C8C-AFDB-4BE6-877F-9C163382A7B5}.Release|Any CPU.Build.0 = Release|Any CPU
		{9E86B83E-55B2-435E-B54A-7C83EEA7970A}.Debug|Any CPU.ActiveCfg = Debug|Any CPU
		{9E86B83E-55B2-435E-B54A-7C83EEA7970A}.Debug|Any CPU.Build.0 = Debug|Any CPU
		{9E86B83E-55B2-435E-B54A-7C83EEA7970A}.Release|Any CPU.ActiveCfg = Release|Any CPU
		{9E86B83E-55B2-435E-B54A-7C83EEA7970A}.Release|Any CPU.Build.0 = Release|Any CPU
		{F4A3957A-FCCE-491B-9D23-C6E8AEB3AD3E}.Debug|Any CPU.ActiveCfg = Debug|Any CPU
		{F4A3957A-FCCE-491B-9D23-C6E8AEB3AD3E}.Debug|Any CPU.Build.0 = Debug|Any CPU
		{F4A3957A-FCCE-491B-9D23-C6E8AEB3AD3E}.Release|Any CPU.ActiveCfg = Release|Any CPU
		{F4A3957A-FCCE-491B-9D23-C6E8AEB3AD3E}.Release|Any CPU.Build.0 = Release|Any CPU
	EndGlobalSection
	GlobalSection(SolutionProperties) = preSolution
		HideSolutionNode = FALSE
	EndGlobalSection
	GlobalSection(ExtensibilityGlobals) = postSolution
		Spices_CreateProject = -1
		Spices_ProjectFileName = C:\Documents and Settings\vertix\My Documents\Visual Studio 2005\Projects\DataMining\DataExtractor\DataExtractor.iloprj
	EndGlobalSection
EndGlobal
